
Microsoft Visual Studio Solution File, Format Version 12.00
# Visual Studio Version 17
VisualStudioVersion = 17.2.32630.192
MinimumVisualStudioVersion = 10.0.40219.1
Project("{9A19103F-16F7-4668-BE54-9A1E7A4F7556}") = "A-Level-Project", "\sgs-svr-fs01\studenthome$\SixthForm\2022Intake\st2022132\My Documents\Visual Studio 2017\A-Level-Project\A-Level-Project\A-Level-Project.csproj", "{D8922109-18BD-4C32-BCC0-82F68B7E549C}"
EndProject
Global
	GlobalSection(SolutionConfigurationPlatforms) = preSolution
		Debug|Any CPU = Debug|Any CPU
		Release|Any CPU = Release|Any CPU
	EndGlobalSection
	GlobalSection(ProjectConfigurationPlatforms) = postSolution
		{D8922109-18BD-4C32-BCC0-82F68B7E549C}.Debug|Any CPU.ActiveCfg = Debug|Any CPU
		{D8922109-18BD-4C32-BCC0-82F68B7E549C}.Debug|Any CPU.Build.0 = Debug|Any CPU
		{D8922109-18BD-4C32-BCC0-82F68B7E549C}.Release|Any CPU.ActiveCfg = Release|Any CPU
		{D8922109-18BD-4C32-BCC0-82F68B7E549C}.Release|Any CPU.Build.0 = Release|Any CPU
	EndGlobalSection
	GlobalSection(SolutionProperties) = preSolution
		HideSolutionNode = FALSE
	EndGlobalSection
	GlobalSection(ExtensibilityGlobals) = postSolution
		SolutionGuid = {45DC7C72-083D-4EDE-9180-181B59546F7E}
	EndGlobalSection
EndGlobal
